
Microsoft Visual Studio Solution File, Format Version 12.00
# Visual Studio Version 17
VisualStudioVersion = 17.4.33205.214
MinimumVisualStudioVersion = 10.0.40219.1
Project("{9A19103F-16F7-4668-BE54-9A1E7A4F7556}") = "CalamityHunt", "CalamityHunt.csproj", "{17429675-9E19-4891-B333-8F92060CF37F}"
EndProject
Global
	GlobalSection(SolutionConfigurationPlatforms) = preSolution
		Debug|Any CPU = Debug|Any CPU
		Release|Any CPU = Release|Any CPU
	EndGlobalSection
	GlobalSection(ProjectConfigurationPlatforms) = postSolution
		{17429675-9E19-4891-B333-8F92060CF37F}.Debug|Any CPU.ActiveCfg = Debug|Any CPU
		{17429675-9E19-4891-B333-8F92060CF37F}.Debug|Any CPU.Build.0 = Debug|Any CPU
		{17429675-9E19-4891-B333-8F92060CF37F}.Release|Any CPU.ActiveCfg = Release|Any CPU
		{17429675-9E19-4891-B333-8F92060CF37F}.Release|Any CPU.Build.0 = Release|Any CPU
	EndGlobalSection
	GlobalSection(SolutionProperties) = preSolution
		HideSolutionNode = FALSE
	EndGlobalSection
	GlobalSection(ExtensibilityGlobals) = postSolution
		SolutionGuid = {F5145902-490C-4957-B3AE-5A20D7B0831E}
	EndGlobalSection
EndGlobal
